
Microsoft Visual Studio Solution File, Format Version 12.00
# Visual Studio Version 16
VisualStudioVersion = 16.0.29306.81
MinimumVisualStudioVersion = 10.0.40219.1
Project("{FAE04EC0-301F-11D3-BF4B-00C04F79EFBC}") = "Test1", "Test1\Test1.csproj", "{AE1B9E48-11D4-4FE5-894E-225BF5E32E2B}"
EndProject
Global
	GlobalSection(SolutionConfigurationPlatforms) = preSolution
		Debug|Any CPU = Debug|Any CPU
		Release|Any CPU = Release|Any CPU
	EndGlobalSection
	GlobalSection(ProjectConfigurationPlatforms) = postSolution
		{AE1B9E48-11D4-4FE5-894E-225BF5E32E2B}.Debug|Any CPU.ActiveCfg = Debug|Any CPU
		{AE1B9E48-11D4-4FE5-894E-225BF5E32E2B}.Debug|Any CPU.Build.0 = Debug|Any CPU
		{AE1B9E48-11D4-4FE5-894E-225BF5E32E2B}.Release|Any CPU.ActiveCfg = Release|Any CPU
		{AE1B9E48-11D4-4FE5-894E-225BF5E32E2B}.Release|Any CPU.Build.0 = Release|Any CPU
	EndGlobalSection
	GlobalSection(SolutionProperties) = preSolution
		HideSolutionNode = FALSE
	EndGlobalSection
	GlobalSection(ExtensibilityGlobals) = postSolution
		SolutionGuid = {A6E1D37E-B059-4EF4-A394-E041947A8D1D}
	EndGlobalSection
EndGlobal
